// !$*UTF8*$!
{
	archiveVersion = 1;
	classes = {
	};
	objectVersion = 46;
	objects = {

/* Begin PBXBuildFile section */
		8166B1331EAEC6CF00B62713 /* imgQ01.jpg in Resources */ = {isa = PBXBuildFile; fileRef = 8166B1291EAEC6CF00B62713 /* imgQ01.jpg */; };
		8166B1341EAEC6CF00B62713 /* imgQ02.jpg in Resources */ = {isa = PBXBuildFile; fileRef = 8166B12A1EAEC6CF00B62713 /* imgQ02.jpg */; };
		8166B1351EAEC6CF00B62713 /* imgQ03.jpg in Resources */ = {isa = PBXBuildFile; fileRef = 8166B12B1EAEC6CF00B62713 /* imgQ03.jpg */; };
		8166B1361EAEC6CF00B62713 /* imgQ04.jpg in Resources */ = {isa = PBXBuildFile; fileRef = 8166B12C1EAEC6CF00B62713 /* imgQ04.jpg */; };
		8166B1371EAEC6CF00B62713 /* imgQ05.jpg in Resources */ = {isa = PBXBuildFile; fileRef = 8166B12D1EAEC6CF00B62713 /* imgQ05.jpg */; };
		8166B1381EAEC6CF00B62713 /* imgQ06.jpg in Resources */ = {isa = PBXBuildFile; fileRef = 8166B12E1EAEC6CF00B62713 /* imgQ06.jpg */; };
		8166B1391EAEC6CF00B62713 /* imgQ07.png in Resources */ = {isa = PBXBuildFile; fileRef = 8166B12F1EAEC6CF00B62713 /* imgQ07.png */; };
		8166B13A1EAEC6CF00B62713 /* imgQ08.jpg in Resources */ = {isa = PBXBuildFile; fileRef = 8166B1301EAEC6CF00B62713 /* imgQ08.jpg */; };
		8166B13B1EAEC6CF00B62713 /* imgQ09.png in Resources */ = {isa = PBXBuildFile; fileRef = 8166B1311EAEC6CF00B62713 /* imgQ09.png */; };
		8166B13C1EAEC6CF00B62713 /* imgQ10.jpg in Resources */ = {isa = PBXBuildFile; fileRef = 8166B1321EAEC6CF00B62713 /* imgQ10.jpg */; };
		817C91011EA57810009B77E2 /* AppDelegate.swift in Sources */ = {isa = PBXBuildFile; fileRef = 817C91001EA57810009B77E2 /* AppDelegate.swift */; };
		817C91031EA57810009B77E2 /* ViewController.swift in Sources */ = {isa = PBXBuildFile; fileRef = 817C91021EA57810009B77E2 /* ViewController.swift */; };
		817C91061EA57810009B77E2 /* Main.storyboard in Resources */ = {isa = PBXBuildFile; fileRef = 817C91041EA57810009B77E2 /* Main.storyboard */; };
		817C91081EA57810009B77E2 /* Assets.xcassets in Resources */ = {isa = PBXBuildFile; fileRef = 817C91071EA57810009B77E2 /* Assets.xcassets */; };
		817C910B1EA57810009B77E2 /* LaunchScreen.storyboard in Resources */ = {isa = PBXBuildFile; fileRef = 817C91091EA57810009B77E2 /* LaunchScreen.storyboard */; };
		817C91131EA57B88009B77E2 /* HIMYM_01.jpg in Resources */ = {isa = PBXBuildFile; fileRef = 817C91121EA57B88009B77E2 /* HIMYM_01.jpg */; };
		817C91151EA58199009B77E2 /* QuizModel.swift in Sources */ = {isa = PBXBuildFile; fileRef = 817C91141EA58199009B77E2 /* QuizModel.swift */; };
		817C91171EA590BC009B77E2 /* ExtraFunctions.swift in Sources */ = {isa = PBXBuildFile; fileRef = 817C91161EA590BC009B77E2 /* ExtraFunctions.swift */; };
/* End PBXBuildFile section */

/* Begin PBXFileReference section */
		8166B1291EAEC6CF00B62713 /* imgQ01.jpg */ = {isa = PBXFileReference; lastKnownFileType = image.jpeg; path = imgQ01.jpg; sourceTree = "<group>"; };
		8166B12A1EAEC6CF00B62713 /* imgQ02.jpg */ = {isa = PBXFileReference; lastKnownFileType = image.jpeg; path = imgQ02.jpg; sourceTree = "<group>"; };
		8166B12B1EAEC6CF00B62713 /* imgQ03.jpg */ = {isa = PBXFileReference; lastKnownFileType = image.jpeg; path = imgQ03.jpg; sourceTree = "<group>"; };
		8166B12C1EAEC6CF00B62713 /* imgQ04.jpg */ = {isa = PBXFileReference; lastKnownFileType = image.jpeg; path = imgQ04.jpg; sourceTree = "<group>"; };
		8166B12D1EAEC6CF00B62713 /* imgQ05.jpg */ = {isa = PBXFileReference; lastKnownFileType = image.jpeg; path = imgQ05.jpg; sourceTree = "<group>"; };
		8166B12E1EAEC6CF00B62713 /* imgQ06.jpg */ = {isa = PBXFileReference; lastKnownFileType = image.jpeg; path = imgQ06.jpg; sourceTree = "<group>"; };
		8166B12F1EAEC6CF00B62713 /* imgQ07.png */ = {isa = PBXFileReference; lastKnownFileType = image.png; path = imgQ07.png; sourceTree = "<group>"; };
		8166B1301EAEC6CF00B62713 /* imgQ08.jpg */ = {isa = PBXFileReference; lastKnownFileType = image.jpeg; path = imgQ08.jpg; sourceTree = "<group>"; };
		8166B1311EAEC6CF00B62713 /* imgQ09.png */ = {isa = PBXFileReference; lastKnownFileType = image.png; path = imgQ09.png; sourceTree = "<group>"; };
		8166B1321EAEC6CF00B62713 /* imgQ10.jpg */ = {isa = PBXFileReference; lastKnownFileType = image.jpeg; path = imgQ10.jpg; sourceTree = "<group>"; };
		817C90FD1EA57810009B77E2 /* VP2_Quiz.app */ = {isa = PBXFileReference; explicitFileType = wrapper.application; includeInIndex = 0; path = VP2_Quiz.app; sourceTree = BUILT_PRODUCTS_DIR; };
		817C91001EA57810009B77E2 /* AppDelegate.swift */ = {isa = PBXFileReference; lastKnownFileType = sourcecode.swift; path = AppDelegate.swift; sourceTree = "<group>"; };
		817C91021EA57810009B77E2 /* ViewController.swift */ = {isa = PBXFileReference; lastKnownFileType = sourcecode.swift; path = ViewController.swift; sourceTree = "<group>"; };
		817C91051EA57810009B77E2 /* Base */ = {isa = PBXFileReference; lastKnownFileType = file.storyboard; name = Base; path = Base.lproj/Main.storyboard; sourceTree = "<group>"; };
		817C91071EA57810009B77E2 /* Assets.xcassets */ = {isa = PBXFileReference; lastKnownFileType = folder.assetcatalog; path = Assets.xcassets; sourceTree = "<group>"; };
		817C910A1EA57810009B77E2 /* Base */ = {isa = PBXFileReference; lastKnownFileType = file.storyboard; name = Base; path = Base.lproj/LaunchScreen.storyboard; sourceTree = "<group>"; };
		817C910C1EA57810009B77E2 /* Info.plist */ = {isa = PBXFileReference; lastKnownFileType = text.plist.xml; path = Info.plist; sourceTree = "<group>"; };
		817C91121EA57B88009B77E2 /* HIMYM_01.jpg */ = {isa = PBXFileReference; lastKnownFileType = image.jpeg; path = HIMYM_01.jpg; sourceTree = "<group>"; };
		817C91141EA58199009B77E2 /* QuizModel.swift */ = {isa = PBXFileReference; fileEncoding = 4; lastKnownFileType = sourcecode.swift; path = QuizModel.swift; sourceTree = "<group>"; };
		817C91161EA590BC009B77E2 /* ExtraFunctions.swift */ = {isa = PBXFileReference; fileEncoding = 4; lastKnownFileType = sourcecode.swift; path = ExtraFunctions.swift; sourceTree = "<group>"; };
/* End PBXFileReference section */

/* Begin PBXFrameworksBuildPhase section */
		817C90FA1EA57810009B77E2 /* Frameworks */ = {
			isa = PBXFrameworksBuildPhase;
			buildActionMask = 2147483647;
			files = (
			);
			runOnlyForDeploymentPostprocessing = 0;
		};
/* End PBXFrameworksBuildPhase section */

/* Begin PBXGroup section */
		817C90F41EA57810009B77E2 = {
			isa = PBXGroup;
			children = (
				817C90FF1EA57810009B77E2 /* VP2_Quiz */,
				817C90FE1EA57810009B77E2 /* Products */,
			);
			sourceTree = "<group>";
		};
		817C90FE1EA57810009B77E2 /* Products */ = {
			isa = PBXGroup;
			children = (
				817C90FD1EA57810009B77E2 /* VP2_Quiz.app */,
			);
			name = Products;
			sourceTree = "<group>";
		};
		817C90FF1EA57810009B77E2 /* VP2_Quiz */ = {
			isa = PBXGroup;
			children = (
				8166B1291EAEC6CF00B62713 /* imgQ01.jpg */,
				8166B12A1EAEC6CF00B62713 /* imgQ02.jpg */,
				8166B12B1EAEC6CF00B62713 /* imgQ03.jpg */,
				8166B12C1EAEC6CF00B62713 /* imgQ04.jpg */,
				8166B12D1EAEC6CF00B62713 /* imgQ05.jpg */,
				8166B12E1EAEC6CF00B62713 /* imgQ06.jpg */,
				8166B12F1EAEC6CF00B62713 /* imgQ07.png */,
				8166B1301EAEC6CF00B62713 /* imgQ08.jpg */,
				8166B1311EAEC6CF00B62713 /* imgQ09.png */,
				8166B1321EAEC6CF00B62713 /* imgQ10.jpg */,
				817C91001EA57810009B77E2 /* AppDelegate.swift */,
				817C91021EA57810009B77E2 /* ViewController.swift */,
				817C91041EA57810009B77E2 /* Main.storyboard */,
				817C91071EA57810009B77E2 /* Assets.xcassets */,
				817C91121EA57B88009B77E2 /* HIMYM_01.jpg */,
				817C91091EA57810009B77E2 /* LaunchScreen.storyboard */,
				817C910C1EA57810009B77E2 /* Info.plist */,
				817C91141EA58199009B77E2 /* QuizModel.swift */,
				817C91161EA590BC009B77E2 /* ExtraFunctions.swift */,
			);
			path = VP2_Quiz;
			sourceTree = "<group>";
		};
/* End PBXGroup section */

/* Begin PBXNativeTarget section */
		817C90FC1EA57810009B77E2 /* VP2_Quiz */ = {
			isa = PBXNativeTarget;
			buildConfigurationList = 817C910F1EA57810009B77E2 /* Build configuration list for PBXNativeTarget "VP2_Quiz" */;
			buildPhases = (
				817C90F91EA57810009B77E2 /* Sources */,
				817C90FA1EA57810009B77E2 /* Frameworks */,
				817C90FB1EA57810009B77E2 /* Resources */,
			);
			buildRules = (
			);
			dependencies = (
			);
			name = VP2_Quiz;
			productName = VP2_Quiz;
			productReference = 817C90FD1EA57810009B77E2 /* VP2_Quiz.app */;
			productType = "com.apple.product-type.application";
		};
/* End PBXNativeTarget section */

/* Begin PBXProject section */
		817C90F51EA57810009B77E2 /* Project object */ = {
			isa = PBXProject;
			attributes = {
				LastSwiftUpdateCheck = 0800;
				LastUpgradeCheck = 0800;
				ORGANIZATIONNAME = Samuel;
				TargetAttributes = {
					817C90FC1EA57810009B77E2 = {
						CreatedOnToolsVersion = 8.0;
						ProvisioningStyle = Automatic;
					};
				};
			};
			buildConfigurationList = 817C90F81EA57810009B77E2 /* Build configuration list for PBXProject "VP2_Quiz" */;
			compatibilityVersion = "Xcode 3.2";
			developmentRegion = English;
			hasScannedForEncodings = 0;
			knownRegions = (
				en,
				Base,
			);
			mainGroup = 817C90F41EA57810009B77E2;
			productRefGroup = 817C90FE1EA57810009B77E2 /* Products */;
			projectDirPath = "";
			projectRoot = "";
			targets = (
				817C90FC1EA57810009B77E2 /* VP2_Quiz */,
			);
		};
/* End PBXProject section */

/* Begin PBXResourcesBuildPhase section */
		817C90FB1EA57810009B77E2 /* Resources */ = {
			isa = PBXResourcesBuildPhase;
			buildActionMask = 2147483647;
			files = (
				817C910B1EA57810009B77E2 /* LaunchScreen.storyboard in Resources */,
				8166B1381EAEC6CF00B62713 /* imgQ06.jpg in Resources */,
				8166B1351EAEC6CF00B62713 /* imgQ03.jpg in Resources */,
				8166B1391EAEC6CF00B62713 /* imgQ07.png in Resources */,
				8166B13B1EAEC6CF00B62713 /* imgQ09.png in Resources */,
				8166B1331EAEC6CF00B62713 /* imgQ01.jpg in Resources */,
				8166B13C1EAEC6CF00B62713 /* imgQ10.jpg in Resources */,
				8166B1361EAEC6CF00B62713 /* imgQ04.jpg in Resources */,
				817C91081EA57810009B77E2 /* Assets.xcassets in Resources */,
				817C91061EA57810009B77E2 /* Main.storyboard in Resources */,
				817C91131EA57B88009B77E2 /* HIMYM_01.jpg in Resources */,
				8166B1341EAEC6CF00B62713 /* imgQ02.jpg in Resources */,
				8166B1371EAEC6CF00B62713 /* imgQ05.jpg in Resources */,
				8166B13A1EAEC6CF00B62713 /* imgQ08.jpg in Resources */,
			);
			runOnlyForDeploymentPostprocessing = 0;
		};
/* End PBXResourcesBuildPhase section */

/* Begin PBXSourcesBuildPhase section */
		817C90F91EA57810009B77E2 /* Sources */ = {
			isa = PBXSourcesBuildPhase;
			buildActionMask = 2147483647;
			files = (
				817C91171EA590BC009B77E2 /* ExtraFunctions.swift in Sources */,
				817C91031EA57810009B77E2 /* ViewController.swift in Sources */,
				817C91151EA58199009B77E2 /* QuizModel.swift in Sources */,
				817C91011EA57810009B77E2 /* AppDelegate.swift in Sources */,
			);
			runOnlyForDeploymentPostprocessing = 0;
		};
/* End PBXSourcesBuildPhase section */

/* Begin PBXVariantGroup section */
		817C91041EA57810009B77E2 /* Main.storyboard */ = {
			isa = PBXVariantGroup;
			children = (
				817C91051EA57810009B77E2 /* Base */,
			);
			name = Main.storyboard;
			sourceTree = "<group>";
		};
		817C91091EA57810009B77E2 /* LaunchScreen.storyboard */ = {
			isa = PBXVariantGroup;
			children = (
				817C910A1EA57810009B77E2 /* Base */,
			);
			name = LaunchScreen.storyboard;
			sourceTree = "<group>";
		};
/* End PBXVariantGroup section */

/* Begin XCBuildConfiguration section */
		817C910D1EA57810009B77E2 /* Debug */ = {
			isa = XCBuildConfiguration;
			buildSettings = {
				ALWAYS_SEARCH_USER_PATHS = NO;
				CLANG_ANALYZER_NONNULL = YES;
				CLANG_CXX_LANGUAGE_STANDARD = "gnu++0x";
				CLANG_CXX_LIBRARY = "libc++";
				CLANG_ENABLE_MODULES = YES;
				CLANG_ENABLE_OBJC_ARC = YES;
				CLANG_WARN_BOOL_CONVERSION = YES;
				CLANG_WARN_CONSTANT_CONVERSION = YES;
				CLANG_WARN_DIRECT_OBJC_ISA_USAGE = YES_ERROR;
				CLANG_WARN_DOCUMENTATION_COMMENTS = YES;
				CLANG_WARN_EMPTY_BODY = YES;
				CLANG_WARN_ENUM_CONVERSION = YES;
				CLANG_WARN_INFINITE_RECURSION = YES;
				CLANG_WARN_INT_CONVERSION = YES;
				CLANG_WARN_OBJC_ROOT_CLASS = YES_ERROR;
				CLANG_WARN_SUSPICIOUS_MOVES = YES;
				CLANG_WARN_UNREACHABLE_CODE = YES;
				CLANG_WARN__DUPLICATE_METHOD_MATCH = YES;
				"CODE_SIGN_IDENTITY[sdk=iphoneos*]" = "iPhone Developer";
				COPY_PHASE_STRIP = NO;
				DEBUG_INFORMATION_FORMAT = dwarf;
				ENABLE_STRICT_OBJC_MSGSEND = YES;
				ENABLE_TESTABILITY = YES;
				GCC_C_LANGUAGE_STANDARD = gnu99;
				GCC_DYNAMIC_NO_PIC = NO;
				GCC_NO_COMMON_BLOCKS = YES;
				GCC_OPTIMIZATION_LEVEL = 0;
				GCC_PREPROCESSOR_DEFINITIONS = (
					"DEBUG=1",
					"$(inherited)",
				);
				GCC_WARN_64_TO_32_BIT_CONVERSION = YES;
				GCC_WARN_ABOUT_RETURN_TYPE = YES_ERROR;
				GCC_WARN_UNDECLARED_SELECTOR = YES;
				GCC_WARN_UNINITIALIZED_AUTOS = YES_AGGRESSIVE;
				GCC_WARN_UNUSED_FUNCTION = YES;
				GCC_WARN_UNUSED_VARIABLE = YES;
				IPHONEOS_DEPLOYMENT_TARGET = 10.0;
				MTL_ENABLE_DEBUG_INFO = YES;
				ONLY_ACTIVE_ARCH = YES;
				SDKROOT = iphoneos;
				SWIFT_ACTIVE_COMPILATION_CONDITIONS = DEBUG;
				SWIFT_OPTIMIZATION_LEVEL = "-Onone";
			};
			name = Debug;
		};
		817C910E1EA57810009B77E2 /* Release */ = {
			isa = XCBuildConfiguration;
			buildSettings = {
				ALWAYS_SEARCH_USER_PATHS = NO;
				CLANG_ANALYZER_NONNULL = YES;
				CLANG_CXX_LANGUAGE_STANDARD = "gnu++0x";
				CLANG_CXX_LIBRARY = "libc++";
				CLANG_ENABLE_MODULES = YES;
				CLANG_ENABLE_OBJC_ARC = YES;
				CLANG_WARN_BOOL_CONVERSION = YES;
				CLANG_WARN_CONSTANT_CONVERSION = YES;
				CLANG_WARN_DIRECT_OBJC_ISA_USAGE = YES_ERROR;
				CLANG_WARN_DOCUMENTATION_COMMENTS = YES;
				CLANG_WARN_EMPTY_BODY = YES;
				CLANG_WARN_ENUM_CONVERSION = YES;
				CLANG_WARN_INFINITE_RECURSION = YES;
				CLANG_WARN_INT_CONVERSION = YES;
				CLANG_WARN_OBJC_ROOT_CLASS = YES_ERROR;
				CLANG_WARN_SUSPICIOUS_MOVES = YES;
				CLANG_WARN_UNREACHABLE_CODE = YES;
				CLANG_WARN__DUPLICATE_METHOD_MATCH = YES;
				"CODE_SIGN_IDENTITY[sdk=iphoneos*]" = "iPhone Developer";
				COPY_PHASE_STRIP = NO;
				DEBUG_INFORMATION_FORMAT = "dwarf-with-dsym";
				ENABLE_NS_ASSERTIONS = NO;
				ENABLE_STRICT_OBJC_MSGSEND = YES;
				GCC_C_LANGUAGE_STANDARD = gnu99;
				GCC_NO_COMMON_BLOCKS = YES;
				GCC_WARN_64_TO_32_BIT_CONVERSION = YES;
				GCC_WARN_ABOUT_RETURN_TYPE = YES_ERROR;
				GCC_WARN_UNDECLARED_SELECTOR = YES;
				GCC_WARN_UNINITIALIZED_AUTOS = YES_AGGRESSIVE;
				GCC_WARN_UNUSED_FUNCTION = YES;
				GCC_WARN_UNUSED_VARIABLE = YES;
				IPHONEOS_DEPLOYMENT_TARGET = 10.0;
				MTL_ENABLE_DEBUG_INFO = NO;
				SDKROOT = iphoneos;
				SWIFT_OPTIMIZATION_LEVEL = "-Owholemodule";
				VALIDATE_PRODUCT = YES;
			};
			name = Release;
		};
		817C91101EA57810009B77E2 /* Debug */ = {
			isa = XCBuildConfiguration;
			buildSettings = {
				ASSETCATALOG_COMPILER_APPICON_NAME = AppIcon;
				INFOPLIST_FILE = VP2_Quiz/Info.plist;
				LD_RUNPATH_SEARCH_PATHS = "$(inherited) @executable_path/Frameworks";
				PRODUCT_BUNDLE_IDENTIFIER = "uni7.VP2-Quiz";
				PRODUCT_NAME = "$(TARGET_NAME)";
				SWIFT_VERSION = 3.0;
			};
			name = Debug;
		};
		817C91111EA57810009B77E2 /* Release */ = {
			isa = XCBuildConfiguration;
			buildSettings = {
				ASSETCATALOG_COMPILER_APPICON_NAME = AppIcon;
				INFOPLIST_FILE = VP2_Quiz/Info.plist;
				LD_RUNPATH_SEARCH_PATHS = "$(inherited) @executable_path/Frameworks";
				PRODUCT_BUNDLE_IDENTIFIER = "uni7.VP2-Quiz";
				PRODUCT_NAME = "$(TARGET_NAME)";
				SWIFT_VERSION = 3.0;
			};
			name = Release;
		};
/* End XCBuildConfiguration section */

/* Begin XCConfigurationList section */
		817C90F81EA57810009B77E2 /* Build configuration list for PBXProject "VP2_Quiz" */ = {
			isa = XCConfigurationList;
			buildConfigurations = (
				817C910D1EA57810009B77E2 /* Debug */,
				817C910E1EA57810009B77E2 /* Release */,
			);
			defaultConfigurationIsVisible = 0;
			defaultConfigurationName = Release;
		};
		817C910F1EA57810009B77E2 /* Build configuration list for PBXNativeTarget "VP2_Quiz" */ = {
			isa = XCConfigurationList;
			buildConfigurations = (
				817C91101EA57810009B77E2 /* Debug */,
				817C91111EA57810009B77E2 /* Release */,
			);
			defaultConfigurationIsVisible = 0;
			defaultConfigurationName = Release;
		};
/* End XCConfigurationList section */
	};
	rootObject = 817C90F51EA57810009B77E2 /* Project object */;
}
